
Microsoft Visual Studio Solution File, Format Version 12.00
# Visual Studio Version 17
VisualStudioVersion = 17.11.35431.28
MinimumVisualStudioVersion = 10.0.40219.1
Project("{9A19103F-16F7-4668-BE54-9A1E7A4F7556}") = "DiGi.GIS.Rhino", "DiGi.GIS.Rhino\DiGi.GIS.Rhino.csproj", "{66236F48-0CFF-42C0-90BE-113895FB34D9}"
EndProject
Project("{9A19103F-16F7-4668-BE54-9A1E7A4F7556}") = "DiGi.GIS", "..\DiGi.GIS\DiGi.GIS\DiGi.GIS.csproj", "{59540AC0-5F9E-41CF-B7C5-D1CCB01642AA}"
EndProject
Global
	GlobalSection(SolutionConfigurationPlatforms) = preSolution
		Debug|Any CPU = Debug|Any CPU
		Release|Any CPU = Release|Any CPU
	EndGlobalSection
	GlobalSection(ProjectConfigurationPlatforms) = postSolution
		{66236F48-0CFF-42C0-90BE-113895FB34D9}.Debug|Any CPU.ActiveCfg = Debug|Any CPU
		{66236F48-0CFF-42C0-90BE-113895FB34D9}.Debug|Any CPU.Build.0 = Debug|Any CPU
		{66236F48-0CFF-42C0-90BE-113895FB34D9}.Release|Any CPU.ActiveCfg = Release|Any CPU
		{66236F48-0CFF-42C0-90BE-113895FB34D9}.Release|Any CPU.Build.0 = Release|Any CPU
		{59540AC0-5F9E-41CF-B7C5-D1CCB01642AA}.Debug|Any CPU.ActiveCfg = Debug|Any CPU
		{59540AC0-5F9E-41CF-B7C5-D1CCB01642AA}.Debug|Any CPU.Build.0 = Debug|Any CPU
		{59540AC0-5F9E-41CF-B7C5-D1CCB01642AA}.Release|Any CPU.ActiveCfg = Release|Any CPU
		{59540AC0-5F9E-41CF-B7C5-D1CCB01642AA}.Release|Any CPU.Build.0 = Release|Any CPU
	EndGlobalSection
	GlobalSection(SolutionProperties) = preSolution
		HideSolutionNode = FALSE
	EndGlobalSection
	GlobalSection(ExtensibilityGlobals) = postSolution
		SolutionGuid = {44F89109-E2A5-4F5A-B9FA-301BD71C7A25}
	EndGlobalSection
EndGlobal
